
Microsoft Visual Studio Solution File, Format Version 12.00
# Visual Studio Version 16
VisualStudioVersion = 16.0.32413.511
MinimumVisualStudioVersion = 10.0.40219.1
Project("{FAE04EC0-301F-11D3-BF4B-00C04F79EFBC}") = "WebApp20220514.Server", "WebApp20220514\Server\WebApp20220514.Server.csproj", "{F64A5763-E4AC-4831-9463-B134E25E6A7A}"
EndProject
Project("{FAE04EC0-301F-11D3-BF4B-00C04F79EFBC}") = "WebApp20220514.Client", "WebApp20220514\Client\WebApp20220514.Client.csproj", "{0B03FC2E-6A97-408B-B868-A4B6A4710314}"
EndProject
Project("{FAE04EC0-301F-11D3-BF4B-00C04F79EFBC}") = "WebApp20220514.Shared", "WebApp20220514\Shared\WebApp20220514.Shared.csproj", "{47C20084-30DE-4C5A-BF74-9792271980A0}"
EndProject
Global
	GlobalSection(SolutionConfigurationPlatforms) = preSolution
		Debug|Any CPU = Debug|Any CPU
		Release|Any CPU = Release|Any CPU
	EndGlobalSection
	GlobalSection(ProjectConfigurationPlatforms) = postSolution
		{F64A5763-E4AC-4831-9463-B134E25E6A7A}.Debug|Any CPU.ActiveCfg = Debug|Any CPU
		{F64A5763-E4AC-4831-9463-B134E25E6A7A}.Debug|Any CPU.Build.0 = Debug|Any CPU
		{F64A5763-E4AC-4831-9463-B134E25E6A7A}.Release|Any CPU.ActiveCfg = Release|Any CPU
		{F64A5763-E4AC-4831-9463-B134E25E6A7A}.Release|Any CPU.Build.0 = Release|Any CPU
		{0B03FC2E-6A97-408B-B868-A4B6A4710314}.Debug|Any CPU.ActiveCfg = Debug|Any CPU
		{0B03FC2E-6A97-408B-B868-A4B6A4710314}.Debug|Any CPU.Build.0 = Debug|Any CPU
		{0B03FC2E-6A97-408B-B868-A4B6A4710314}.Release|Any CPU.ActiveCfg = Release|Any CPU
		{0B03FC2E-6A97-408B-B868-A4B6A4710314}.Release|Any CPU.Build.0 = Release|Any CPU
		{47C20084-30DE-4C5A-BF74-9792271980A0}.Debug|Any CPU.ActiveCfg = Debug|Any CPU
		{47C20084-30DE-4C5A-BF74-9792271980A0}.Debug|Any CPU.Build.0 = Debug|Any CPU
		{47C20084-30DE-4C5A-BF74-9792271980A0}.Release|Any CPU.ActiveCfg = Release|Any CPU
		{47C20084-30DE-4C5A-BF74-9792271980A0}.Release|Any CPU.Build.0 = Release|Any CPU
	EndGlobalSection
	GlobalSection(SolutionProperties) = preSolution
		HideSolutionNode = FALSE
	EndGlobalSection
	GlobalSection(ExtensibilityGlobals) = postSolution
		SolutionGuid = {86FF42AD-C3E3-47BE-A4FE-566B3286F718}
	EndGlobalSection
EndGlobal
